
Microsoft Visual Studio Solution File, Format Version 12.00
# Visual Studio 15
VisualStudioVersion = 15.0.27004.2002
MinimumVisualStudioVersion = 10.0.40219.1
Project("{E53339B2-1760-4266-BCC7-CA923CBCF16C}") = "docker-compose", "docker-compose.dcproj", "{0E149F8C-46FF-49BD-8308-848DDE2AC586}"
EndProject
Project("{9A19103F-16F7-4668-BE54-9A1E7A4F7556}") = "Fabric.Identity.Samples.MvcCore", "Fabric.Identity.Samples.MvcCore\Fabric.Identity.Samples.MvcCore.csproj", "{325CEAFB-1F24-4C16-A6CF-F5B3021BDEFB}"
EndProject
Project("{9A19103F-16F7-4668-BE54-9A1E7A4F7556}") = "Fabric.Identity.Samples.API", "API\Fabric.Identity.Samples.API.csproj", "{3A79683B-7F9C-46BB-8E99-B075F009F572}"
EndProject
Project("{9A19103F-16F7-4668-BE54-9A1E7A4F7556}") = "Fabric.Identity.Samples.Console", "Fabric.Identity.Samples.Console\Fabric.Identity.Samples.Console.csproj", "{4DF55A55-F174-4FA3-A8B2-61915844FA28}"
EndProject
Project("{9A19103F-16F7-4668-BE54-9A1E7A4F7556}") = "Fabric.Platform.Authorization", "Fabric.Platform.Authorization\Fabric.Platform.Authorization.csproj", "{C55B8D36-F30F-4E08-AA20-BAC93B71684B}"
EndProject
Project("{FAE04EC0-301F-11D3-BF4B-00C04F79EFBC}") = "WebApi2", "WebApi2\WebApi2.csproj", "{BD82EA1A-B799-4E1B-BBF3-35E3B6DA874F}"
EndProject
Project("{9A19103F-16F7-4668-BE54-9A1E7A4F7556}") = "Fabric.Identity.InteractiveConsole", "Fabric.Identity.InteractiveConsole\Fabric.Identity.InteractiveConsole.csproj", "{10D2CE65-B32D-4BF5-807D-3597978EF1DF}"
EndProject
Project("{9A19103F-16F7-4668-BE54-9A1E7A4F7556}") = "SampleAPI", "SampleAPI\SampleAPI.csproj", "{9BBC2EB3-9F61-4F6A-A384-ECF13FE1DC4E}"
EndProject
Project("{FAE04EC0-301F-11D3-BF4B-00C04F79EFBC}") = "Fabric.Identity.Samples.Mvc", "Fabric.Identity.Samples.Mvc\Fabric.Identity.Samples.Mvc.csproj", "{01D4E44F-1539-4268-AC9B-F1C719EBEAA6}"
EndProject
Global
	GlobalSection(SolutionConfigurationPlatforms) = preSolution
		Debug|Any CPU = Debug|Any CPU
		Release|Any CPU = Release|Any CPU
	EndGlobalSection
	GlobalSection(ProjectConfigurationPlatforms) = postSolution
		{0E149F8C-46FF-49BD-8308-848DDE2AC586}.Debug|Any CPU.ActiveCfg = Debug|Any CPU
		{0E149F8C-46FF-49BD-8308-848DDE2AC586}.Debug|Any CPU.Build.0 = Debug|Any CPU
		{0E149F8C-46FF-49BD-8308-848DDE2AC586}.Release|Any CPU.ActiveCfg = Release|Any CPU
		{0E149F8C-46FF-49BD-8308-848DDE2AC586}.Release|Any CPU.Build.0 = Release|Any CPU
		{325CEAFB-1F24-4C16-A6CF-F5B3021BDEFB}.Debug|Any CPU.ActiveCfg = Debug|Any CPU
		{325CEAFB-1F24-4C16-A6CF-F5B3021BDEFB}.Debug|Any CPU.Build.0 = Debug|Any CPU
		{325CEAFB-1F24-4C16-A6CF-F5B3021BDEFB}.Release|Any CPU.ActiveCfg = Release|Any CPU
		{325CEAFB-1F24-4C16-A6CF-F5B3021BDEFB}.Release|Any CPU.Build.0 = Release|Any CPU
		{3A79683B-7F9C-46BB-8E99-B075F009F572}.Debug|Any CPU.ActiveCfg = Debug|Any CPU
		{3A79683B-7F9C-46BB-8E99-B075F009F572}.Debug|Any CPU.Build.0 = Debug|Any CPU
		{3A79683B-7F9C-46BB-8E99-B075F009F572}.Release|Any CPU.ActiveCfg = Release|Any CPU
		{3A79683B-7F9C-46BB-8E99-B075F009F572}.Release|Any CPU.Build.0 = Release|Any CPU
		{4DF55A55-F174-4FA3-A8B2-61915844FA28}.Debug|Any CPU.ActiveCfg = Debug|Any CPU
		{4DF55A55-F174-4FA3-A8B2-61915844FA28}.Debug|Any CPU.Build.0 = Debug|Any CPU
		{4DF55A55-F174-4FA3-A8B2-61915844FA28}.Release|Any CPU.ActiveCfg = Release|Any CPU
		{4DF55A55-F174-4FA3-A8B2-61915844FA28}.Release|Any CPU.Build.0 = Release|Any CPU
		{C55B8D36-F30F-4E08-AA20-BAC93B71684B}.Debug|Any CPU.ActiveCfg = Debug|Any CPU
		{C55B8D36-F30F-4E08-AA20-BAC93B71684B}.Debug|Any CPU.Build.0 = Debug|Any CPU
		{C55B8D36-F30F-4E08-AA20-BAC93B71684B}.Release|Any CPU.ActiveCfg = Release|Any CPU
		{C55B8D36-F30F-4E08-AA20-BAC93B71684B}.Release|Any CPU.Build.0 = Release|Any CPU
		{BD82EA1A-B799-4E1B-BBF3-35E3B6DA874F}.Debug|Any CPU.ActiveCfg = Debug|Any CPU
		{BD82EA1A-B799-4E1B-BBF3-35E3B6DA874F}.Debug|Any CPU.Build.0 = Debug|Any CPU
		{BD82EA1A-B799-4E1B-BBF3-35E3B6DA874F}.Release|Any CPU.ActiveCfg = Release|Any CPU
		{BD82EA1A-B799-4E1B-BBF3-35E3B6DA874F}.Release|Any CPU.Build.0 = Release|Any CPU
		{10D2CE65-B32D-4BF5-807D-3597978EF1DF}.Debug|Any CPU.ActiveCfg = Debug|Any CPU
		{10D2CE65-B32D-4BF5-807D-3597978EF1DF}.Debug|Any CPU.Build.0 = Debug|Any CPU
		{10D2CE65-B32D-4BF5-807D-3597978EF1DF}.Release|Any CPU.ActiveCfg = Release|Any CPU
		{10D2CE65-B32D-4BF5-807D-3597978EF1DF}.Release|Any CPU.Build.0 = Release|Any CPU
		{9BBC2EB3-9F61-4F6A-A384-ECF13FE1DC4E}.Debug|Any CPU.ActiveCfg = Debug|Any CPU
		{9BBC2EB3-9F61-4F6A-A384-ECF13FE1DC4E}.Debug|Any CPU.Build.0 = Debug|Any CPU
		{9BBC2EB3-9F61-4F6A-A384-ECF13FE1DC4E}.Release|Any CPU.ActiveCfg = Release|Any CPU
		{9BBC2EB3-9F61-4F6A-A384-ECF13FE1DC4E}.Release|Any CPU.Build.0 = Release|Any CPU
		{01D4E44F-1539-4268-AC9B-F1C719EBEAA6}.Debug|Any CPU.ActiveCfg = Debug|Any CPU
		{01D4E44F-1539-4268-AC9B-F1C719EBEAA6}.Debug|Any CPU.Build.0 = Debug|Any CPU
		{01D4E44F-1539-4268-AC9B-F1C719EBEAA6}.Release|Any CPU.ActiveCfg = Release|Any CPU
		{01D4E44F-1539-4268-AC9B-F1C719EBEAA6}.Release|Any CPU.Build.0 = Release|Any CPU
	EndGlobalSection
	GlobalSection(SolutionProperties) = preSolution
		HideSolutionNode = FALSE
	EndGlobalSection
	GlobalSection(ExtensibilityGlobals) = postSolution
		SolutionGuid = {90E3E3A6-CD14-44C1-A01F-8120AE3C0048}
	EndGlobalSection
EndGlobal
